<?xml version="1.0" encoding="utf-8"?>
<Project ToolsVersion="4.0" xmlns="http://schemas.microsoft.com/developer/msbuild/2003">
  <ItemGroup>
    <Filter Include="raylib">
      <UniqueIdentifier>{ea0689dd-d76c-496b-a164-a5f6a2fce0ca}</UniqueIdentifier>
    </Filter>
    <Filter Include="vbMultimedia">
      <UniqueIdentifier>{ba4bb264-6b14-4740-9a87-d690c550d401}</UniqueIdentifier>
    </Filter>
    <Filter Include="text">
      <UniqueIdentifier>{2e28bb12-9ce8-438f-bcb4-5e0e0c325ce3}</UniqueIdentifier>
    </Filter>
  </ItemGroup>
  <ItemGroup>
    <ClInclude Include="..\..\SRC\vbMultimedia\vbGraphicObject.h">
      <Filter>vbMultimedia</Filter>
    </ClInclude>
    <ClInclude Include="..\..\SRC\vbMultimedia\vbProperty.h">
      <Filter>vbMultimedia</Filter>
    </ClInclude>
    <ClInclude Include="..\..\SRC\vbMultimedia\vbRenderer.h">
      <Filter>vbMultimedia</Filter>
    </ClInclude>
    <ClInclude Include="..\..\SRC\vbMultimedia\vbImage.h">
      <Filter>vbMultimedia</Filter>
    </ClInclude>
    <ClInclude Include="..\..\SRC\vbMultimedia\vbContainer.h">
      <Filter>vbMultimedia</Filter>
    </ClInclude>
    <ClInclude Include="..\..\SRC\vbMultimedia\json.h">
      <Filter>vbMultimedia</Filter>
    </ClInclude>
    <ClInclude Include="..\..\SRC\vbMultimedia\json-builder.h">
      <Filter>vbMultimedia</Filter>
    </ClInclude>
    <ClInclude Include="..\..\SRC\basetypes.h" />
    <ClInclude Include="..\..\SRC\vbEngine.h" />
    <ClInclude Include="..\..\SRC\vbMultimedia\vbButton.h">
      <Filter>vbMultimedia</Filter>
    </ClInclude>
    <ClInclude Include="..\..\SRC\vbMultimedia\vbAtlas.h">
      <Filter>vbMultimedia</Filter>
    </ClInclude>
    <ClInclude Include="..\..\SRC\vbMultimedia\vbSequence.h">
      <Filter>vbMultimedia</Filter>
    </ClInclude>
    <ClInclude Include="..\..\SRC\vbMultimedia\vbTween.h">
      <Filter>vbMultimedia</Filter>
    </ClInclude>
    <ClInclude Include="..\..\SRC\vbMultimedia\vbEasing.h">
      <Filter>vbMultimedia</Filter>
    </ClInclude>
    <ClInclude Include="..\..\SRC\vbMultimedia\vbLivingObject.h">
      <Filter>vbMultimedia</Filter>
    </ClInclude>
    <ClInclude Include="..\..\SRC\text\text_run.h">
      <Filter>text</Filter>
    </ClInclude>
    <ClInclude Include="..\..\SRC\text\skyline_binpack.h">
      <Filter>text</Filter>
    </ClInclude>
    <ClInclude Include="..\..\SRC\text\text_render.h">
      <Filter>text</Filter>
    </ClInclude>
    <ClInclude Include="..\..\SRC\text\texture_atlas.h">
      <Filter>text</Filter>
    </ClInclude>
    <ClInclude Include="..\..\SRC\text\vbFont.h">
      <Filter>text</Filter>
    </ClInclude>
    <ClInclude Include="..\..\SRC\text\scope_guard.h">
      <Filter>text</Filter>
    </ClInclude>
    <ClInclude Include="..\..\SRC\text\hb-ft.h">
      <Filter>text</Filter>
    </ClInclude>
    <ClInclude Include="..\..\SRC\vbMultimedia\vbTextEngine.h">
      <Filter>vbMultimedia</Filter>
    </ClInclude>
    <ClInclude Include="..\..\SRC\vbMultimedia\vbTextBox.h">
      <Filter>vbMultimedia</Filter>
    </ClInclude>
    <ClInclude Include="..\..\SRC\vbMultimedia\vbCanvas.h">
      <Filter>vbMultimedia</Filter>
    </ClInclude>
    <ClInclude Include="..\..\SRC\vbLanguage.h" />
    <ClInclude Include="..\..\SRC\vbErrors.h" />
    <ClInclude Include="..\..\SRC\vbMultimedia\vbMessage.h">
      <Filter>vbMultimedia</Filter>
    </ClInclude>
    <ClInclude Include="..\..\SRC\vbStyles.h" />
    <ClInclude Include="..\..\..\raylib\src\config.h">
      <Filter>raylib</Filter>
    </ClInclude>
    <ClInclude Include="..\..\..\raylib\src\raudio.h">
      <Filter>raylib</Filter>
    </ClInclude>
    <ClInclude Include="..\..\..\raylib\src\raylib.h">
      <Filter>raylib</Filter>
    </ClInclude>
    <ClInclude Include="..\..\..\raylib\src\raymath.h">
      <Filter>raylib</Filter>
    </ClInclude>
    <ClInclude Include="..\..\..\raylib\src\rcamera.h">
      <Filter>raylib</Filter>
    </ClInclude>
    <ClInclude Include="..\..\..\raylib\src\rgestures.h">
      <Filter>raylib</Filter>
    </ClInclude>
    <ClInclude Include="..\..\..\raylib\src\rlgl.h">
      <Filter>raylib</Filter>
    </ClInclude>
    <ClInclude Include="..\..\..\raylib\src\utils.h">
      <Filter>raylib</Filter>
    </ClInclude>
    <ClInclude Include="..\..\SRC\vbMultimedia\vbNumericBox.h">
      <Filter>vbMultimedia</Filter>
    </ClInclude>
    <ClInclude Include="..\..\SRC\vbUtils.h" />
    <ClInclude Include="..\..\SRC\vbGPIO.h" />
    <ClInclude Include="..\..\SRC\vbTimer.h" />
    <ClInclude Include="..\..\SRC\vbMultimedia\EasterEggObject.h">
      <Filter>vbMultimedia</Filter>
    </ClInclude>
  </ItemGroup>
  <ItemGroup>
    <ClCompile Include="..\..\SRC\vbMultimedia\vbGraphicObject.cpp">
      <Filter>vbMultimedia</Filter>
    </ClCompile>
    <ClCompile Include="..\..\SRC\vbMultimedia\vbProperty.cpp">
      <Filter>vbMultimedia</Filter>
    </ClCompile>
    <ClCompile Include="..\..\SRC\vbMultimedia\vbRenderer.cpp">
      <Filter>vbMultimedia</Filter>
    </ClCompile>
    <ClCompile Include="..\..\SRC\vbMultimedia\vbImage.cpp">
      <Filter>vbMultimedia</Filter>
    </ClCompile>
    <ClCompile Include="..\..\SRC\vbMultimedia\vbContainer.cpp">
      <Filter>vbMultimedia</Filter>
    </ClCompile>
    <ClCompile Include="..\..\SRC\vbMultimedia\json-builder.cpp">
      <Filter>vbMultimedia</Filter>
    </ClCompile>
    <ClCompile Include="..\..\SRC\vbMultimedia\json.cpp">
      <Filter>vbMultimedia</Filter>
    </ClCompile>
    <ClCompile Include="..\..\SRC\vbMultimedia\vbButton.cpp">
      <Filter>vbMultimedia</Filter>
    </ClCompile>
    <ClCompile Include="..\..\SRC\vbMultimedia\vbImage.cpp">
      <Filter>vbMultimedia</Filter>
    </ClCompile>
    <ClCompile Include="..\..\SRC\vbMultimedia\vbSequence.cpp">
      <Filter>vbMultimedia</Filter>
    </ClCompile>
    <ClCompile Include="..\..\SRC\vbMultimedia\vbTween.cpp">
      <Filter>vbMultimedia</Filter>
    </ClCompile>
    <ClCompile Include="..\..\SRC\vbMultimedia\vbEasing.cpp">
      <Filter>vbMultimedia</Filter>
    </ClCompile>
    <ClCompile Include="..\..\SRC\vbMultimedia\vbLivingObject.cpp">
      <Filter>vbMultimedia</Filter>
    </ClCompile>
    <ClCompile Include="..\..\SRC\text\text_run.cpp">
      <Filter>text</Filter>
    </ClCompile>
    <ClCompile Include="..\..\SRC\text\skyline_binpack.cpp">
      <Filter>text</Filter>
    </ClCompile>
    <ClCompile Include="..\..\SRC\text\text_render.cpp">
      <Filter>text</Filter>
    </ClCompile>
    <ClCompile Include="..\..\SRC\text\texture_atlas.cpp">
      <Filter>text</Filter>
    </ClCompile>
    <ClCompile Include="..\..\SRC\text\vbFont.cpp">
      <Filter>text</Filter>
    </ClCompile>
    <ClCompile Include="..\..\SRC\text\hb-ft.cc">
      <Filter>text</Filter>
    </ClCompile>
    <ClCompile Include="..\..\SRC\vbMultimedia\vbTextEngine.cpp">
      <Filter>vbMultimedia</Filter>
    </ClCompile>
    <ClCompile Include="..\..\SRC\vbMultimedia\vbTextBox.cpp">
      <Filter>vbMultimedia</Filter>
    </ClCompile>
    <ClCompile Include="..\..\SRC\vbMultimedia\vbCanvas.cpp">
      <Filter>vbMultimedia</Filter>
    </ClCompile>
    <ClCompile Include="..\..\SRC\vbLanguage.cpp" />
    <ClCompile Include="..\..\SRC\vbErrors.cpp" />
    <ClCompile Include="..\..\SRC\vbMultimedia\vbMessage.cpp">
      <Filter>vbMultimedia</Filter>
    </ClCompile>
    <ClCompile Include="..\..\SRC\vbStyles.cpp" />
    <ClCompile Include="..\..\..\raylib\src\rshapes.c">
      <Filter>raylib</Filter>
    </ClCompile>
    <ClCompile Include="..\..\..\raylib\src\rtext.c">
      <Filter>raylib</Filter>
    </ClCompile>
    <ClCompile Include="..\..\..\raylib\src\rtextures.c">
      <Filter>raylib</Filter>
    </ClCompile>
    <ClCompile Include="..\..\..\raylib\src\utils.c">
      <Filter>raylib</Filter>
    </ClCompile>
    <ClCompile Include="..\..\..\raylib\src\raudio.c">
      <Filter>raylib</Filter>
    </ClCompile>
    <ClCompile Include="..\..\..\raylib\src\rcore.c">
      <Filter>raylib</Filter>
    </ClCompile>
    <ClCompile Include="..\..\..\raylib\src\rglfw.c">
      <Filter>raylib</Filter>
    </ClCompile>
    <ClCompile Include="..\..\..\raylib\src\rmodels.c">
      <Filter>raylib</Filter>
    </ClCompile>
    <ClCompile Include="..\..\SRC\vbMultimedia\vbNumericBox.cpp">
      <Filter>vbMultimedia</Filter>
    </ClCompile>
    <ClCompile Include="..\..\SRC\vbUtils.cpp" />
    <ClCompile Include="..\..\SRC\vbGPIO.cpp" />
    <ClCompile Include="..\..\SRC\vbTimer.cpp" />
    <ClCompile Include="..\..\SRC\vbMultimedia\EasterEggObject.cpp">
      <Filter>vbMultimedia</Filter>
    </ClCompile>
  </ItemGroup>
</Project>