<?xml version="1.0" encoding="utf-8"?>
<Project ToolsVersion="4.0" xmlns="http://schemas.microsoft.com/developer/msbuild/2003">
  <ItemGroup>
    <Filter Include="vbMultimedia">
      <UniqueIdentifier>{ba4bb264-6b14-4740-9a87-d690c550d401}</UniqueIdentifier>
    </Filter>
    <Filter Include="text">
      <UniqueIdentifier>{2e28bb12-9ce8-438f-bcb4-5e0e0c325ce3}</UniqueIdentifier>
    </Filter>
    <Filter Include="game">
      <UniqueIdentifier>{b42636d4-6757-4157-984d-4536fe163b8e}</UniqueIdentifier>
    </Filter>
    <Filter Include="raylib">
      <UniqueIdentifier>{7c16cdaf-81c1-40eb-b810-d194452c1554}</UniqueIdentifier>
    </Filter>
    <Filter Include="box2d">
      <UniqueIdentifier>{653b67a2-2fdf-4556-90a9-f6bb3e2e65cc}</UniqueIdentifier>
    </Filter>
    <Filter Include="box2d\collision">
      <UniqueIdentifier>{22bdd588-a14c-43cb-bcde-78f68ac6bc21}</UniqueIdentifier>
    </Filter>
    <Filter Include="box2d\common">
      <UniqueIdentifier>{65cd5e94-86e7-4180-bbce-7bee7cf87f13}</UniqueIdentifier>
    </Filter>
    <Filter Include="box2d\dynamics">
      <UniqueIdentifier>{83ff00a4-a223-4246-8f83-ce0cd7f93645}</UniqueIdentifier>
    </Filter>
    <Filter Include="box2d\rope">
      <UniqueIdentifier>{f822c5b0-9ef6-4a34-9d29-71817e2869db}</UniqueIdentifier>
    </Filter>
  </ItemGroup>
  <ItemGroup>
    <ClInclude Include="..\..\SRC\vbMultimedia\vbGraphicObject.h">
      <Filter>vbMultimedia</Filter>
    </ClInclude>
    <ClInclude Include="..\..\SRC\vbMultimedia\vbRenderer.h">
      <Filter>vbMultimedia</Filter>
    </ClInclude>
    <ClInclude Include="..\..\SRC\vbMultimedia\vbImage.h">
      <Filter>vbMultimedia</Filter>
    </ClInclude>
    <ClInclude Include="..\..\SRC\vbMultimedia\vbContainer.h">
      <Filter>vbMultimedia</Filter>
    </ClInclude>
    <ClInclude Include="..\..\SRC\vbMultimedia\json.h">
      <Filter>vbMultimedia</Filter>
    </ClInclude>
    <ClInclude Include="..\..\SRC\vbMultimedia\json-builder.h">
      <Filter>vbMultimedia</Filter>
    </ClInclude>
    <ClInclude Include="..\..\SRC\basetypes.h" />
    <ClInclude Include="..\..\SRC\vbEngine.h" />
    <ClInclude Include="..\..\SRC\vbMultimedia\vbButton.h">
      <Filter>vbMultimedia</Filter>
    </ClInclude>
    <ClInclude Include="..\..\SRC\vbMultimedia\vbAtlas.h">
      <Filter>vbMultimedia</Filter>
    </ClInclude>
    <ClInclude Include="..\..\SRC\vbMultimedia\vbSequence.h">
      <Filter>vbMultimedia</Filter>
    </ClInclude>
    <ClInclude Include="..\..\SRC\vbMultimedia\vbTween.h">
      <Filter>vbMultimedia</Filter>
    </ClInclude>
    <ClInclude Include="..\..\SRC\vbMultimedia\vbEasing.h">
      <Filter>vbMultimedia</Filter>
    </ClInclude>
    <ClInclude Include="..\..\SRC\vbMultimedia\vbLivingObject.h">
      <Filter>vbMultimedia</Filter>
    </ClInclude>
    <ClInclude Include="..\..\SRC\text\text_run.h">
      <Filter>text</Filter>
    </ClInclude>
    <ClInclude Include="..\..\SRC\text\skyline_binpack.h">
      <Filter>text</Filter>
    </ClInclude>
    <ClInclude Include="..\..\SRC\text\text_render.h">
      <Filter>text</Filter>
    </ClInclude>
    <ClInclude Include="..\..\SRC\text\texture_atlas.h">
      <Filter>text</Filter>
    </ClInclude>
    <ClInclude Include="..\..\SRC\text\vbFont.h">
      <Filter>text</Filter>
    </ClInclude>
    <ClInclude Include="..\..\SRC\text\scope_guard.h">
      <Filter>text</Filter>
    </ClInclude>
    <ClInclude Include="..\..\SRC\text\hb-ft.h">
      <Filter>text</Filter>
    </ClInclude>
    <ClInclude Include="..\..\SRC\vbMultimedia\vbTextEngine.h">
      <Filter>vbMultimedia</Filter>
    </ClInclude>
    <ClInclude Include="..\..\SRC\vbMultimedia\vbTextBox.h">
      <Filter>vbMultimedia</Filter>
    </ClInclude>
    <ClInclude Include="..\..\SRC\vbMultimedia\vbCanvas.h">
      <Filter>vbMultimedia</Filter>
    </ClInclude>
    <ClInclude Include="..\..\SRC\vbLanguage.h" />
    <ClInclude Include="..\..\SRC\vbErrors.h" />
    <ClInclude Include="..\..\SRC\vbMultimedia\vbMessage.h">
      <Filter>vbMultimedia</Filter>
    </ClInclude>
    <ClInclude Include="..\..\SRC\vbStyle.h" />
    <ClInclude Include="..\..\SRC\vbMultimedia\vbNumericBox.h">
      <Filter>vbMultimedia</Filter>
    </ClInclude>
    <ClInclude Include="..\..\SRC\vbUtils.h" />
    <ClInclude Include="..\..\SRC\vbGPIO.h" />
    <ClInclude Include="..\..\SRC\vbTimer.h" />
    <ClInclude Include="..\..\SRC\game\vbState.h">
      <Filter>game</Filter>
    </ClInclude>
    <ClInclude Include="..\..\SRC\game\vbGame.h">
      <Filter>game</Filter>
    </ClInclude>
    <ClInclude Include="..\..\..\raylib\src\config.h">
      <Filter>raylib</Filter>
    </ClInclude>
    <ClInclude Include="..\..\..\raylib\src\rgestures.h">
      <Filter>raylib</Filter>
    </ClInclude>
    <ClInclude Include="..\..\..\raylib\src\rlgl.h">
      <Filter>raylib</Filter>
    </ClInclude>
    <ClInclude Include="..\..\..\raylib\src\utils.h">
      <Filter>raylib</Filter>
    </ClInclude>
    <ClInclude Include="..\..\..\raylib\src\raudio.h">
      <Filter>raylib</Filter>
    </ClInclude>
    <ClInclude Include="..\..\..\raylib\src\raylib.h">
      <Filter>raylib</Filter>
    </ClInclude>
    <ClInclude Include="..\..\..\raylib\src\raymath.h">
      <Filter>raylib</Filter>
    </ClInclude>
    <ClInclude Include="..\..\..\raylib\src\rcamera.h">
      <Filter>raylib</Filter>
    </ClInclude>
    <ClInclude Include="..\..\SRC\vbEvent.h" />
    <ClInclude Include="..\..\SRC\box2d\dynamics\b2_chain_circle_contact.h">
      <Filter>box2d\dynamics</Filter>
    </ClInclude>
    <ClInclude Include="..\..\SRC\box2d\dynamics\b2_chain_polygon_contact.h">
      <Filter>box2d\dynamics</Filter>
    </ClInclude>
    <ClInclude Include="..\..\SRC\box2d\dynamics\b2_circle_contact.h">
      <Filter>box2d\dynamics</Filter>
    </ClInclude>
    <ClInclude Include="..\..\SRC\box2d\dynamics\b2_contact_solver.h">
      <Filter>box2d\dynamics</Filter>
    </ClInclude>
    <ClInclude Include="..\..\SRC\box2d\dynamics\b2_edge_circle_contact.h">
      <Filter>box2d\dynamics</Filter>
    </ClInclude>
    <ClInclude Include="..\..\SRC\box2d\dynamics\b2_edge_polygon_contact.h">
      <Filter>box2d\dynamics</Filter>
    </ClInclude>
    <ClInclude Include="..\..\SRC\box2d\dynamics\b2_island.h">
      <Filter>box2d\dynamics</Filter>
    </ClInclude>
    <ClInclude Include="..\..\SRC\box2d\dynamics\b2_polygon_circle_contact.h">
      <Filter>box2d\dynamics</Filter>
    </ClInclude>
    <ClInclude Include="..\..\SRC\box2d\dynamics\b2_polygon_contact.h">
      <Filter>box2d\dynamics</Filter>
    </ClInclude>
    <ClInclude Include="..\..\SRC\box2d\b2_api.h">
      <Filter>box2d</Filter>
    </ClInclude>
    <ClInclude Include="..\..\SRC\box2d\b2_block_allocator.h">
      <Filter>box2d</Filter>
    </ClInclude>
    <ClInclude Include="..\..\SRC\box2d\b2_body.h">
      <Filter>box2d</Filter>
    </ClInclude>
    <ClInclude Include="..\..\SRC\box2d\b2_broad_phase.h">
      <Filter>box2d</Filter>
    </ClInclude>
    <ClInclude Include="..\..\SRC\box2d\b2_chain_shape.h">
      <Filter>box2d</Filter>
    </ClInclude>
    <ClInclude Include="..\..\SRC\box2d\b2_circle_shape.h">
      <Filter>box2d</Filter>
    </ClInclude>
    <ClInclude Include="..\..\SRC\box2d\b2_collision.h">
      <Filter>box2d</Filter>
    </ClInclude>
    <ClInclude Include="..\..\SRC\box2d\b2_common.h">
      <Filter>box2d</Filter>
    </ClInclude>
    <ClInclude Include="..\..\SRC\box2d\b2_contact.h">
      <Filter>box2d</Filter>
    </ClInclude>
    <ClInclude Include="..\..\SRC\box2d\b2_contact_manager.h">
      <Filter>box2d</Filter>
    </ClInclude>
    <ClInclude Include="..\..\SRC\box2d\b2_distance.h">
      <Filter>box2d</Filter>
    </ClInclude>
    <ClInclude Include="..\..\SRC\box2d\b2_distance_joint.h">
      <Filter>box2d</Filter>
    </ClInclude>
    <ClInclude Include="..\..\SRC\box2d\b2_draw.h">
      <Filter>box2d</Filter>
    </ClInclude>
    <ClInclude Include="..\..\SRC\box2d\b2_dynamic_tree.h">
      <Filter>box2d</Filter>
    </ClInclude>
    <ClInclude Include="..\..\SRC\box2d\b2_edge_shape.h">
      <Filter>box2d</Filter>
    </ClInclude>
    <ClInclude Include="..\..\SRC\box2d\b2_fixture.h">
      <Filter>box2d</Filter>
    </ClInclude>
    <ClInclude Include="..\..\SRC\box2d\b2_friction_joint.h">
      <Filter>box2d</Filter>
    </ClInclude>
    <ClInclude Include="..\..\SRC\box2d\b2_gear_joint.h">
      <Filter>box2d</Filter>
    </ClInclude>
    <ClInclude Include="..\..\SRC\box2d\b2_growable_stack.h">
      <Filter>box2d</Filter>
    </ClInclude>
    <ClInclude Include="..\..\SRC\box2d\b2_joint.h">
      <Filter>box2d</Filter>
    </ClInclude>
    <ClInclude Include="..\..\SRC\box2d\b2_math.h">
      <Filter>box2d</Filter>
    </ClInclude>
    <ClInclude Include="..\..\SRC\box2d\b2_motor_joint.h">
      <Filter>box2d</Filter>
    </ClInclude>
    <ClInclude Include="..\..\SRC\box2d\b2_mouse_joint.h">
      <Filter>box2d</Filter>
    </ClInclude>
    <ClInclude Include="..\..\SRC\box2d\b2_polygon_shape.h">
      <Filter>box2d</Filter>
    </ClInclude>
    <ClInclude Include="..\..\SRC\box2d\b2_prismatic_joint.h">
      <Filter>box2d</Filter>
    </ClInclude>
    <ClInclude Include="..\..\SRC\box2d\b2_pulley_joint.h">
      <Filter>box2d</Filter>
    </ClInclude>
    <ClInclude Include="..\..\SRC\box2d\b2_revolute_joint.h">
      <Filter>box2d</Filter>
    </ClInclude>
    <ClInclude Include="..\..\SRC\box2d\b2_rope.h">
      <Filter>box2d</Filter>
    </ClInclude>
    <ClInclude Include="..\..\SRC\box2d\b2_settings.h">
      <Filter>box2d</Filter>
    </ClInclude>
    <ClInclude Include="..\..\SRC\box2d\b2_shape.h">
      <Filter>box2d</Filter>
    </ClInclude>
    <ClInclude Include="..\..\SRC\box2d\b2_stack_allocator.h">
      <Filter>box2d</Filter>
    </ClInclude>
    <ClInclude Include="..\..\SRC\box2d\b2_time_of_impact.h">
      <Filter>box2d</Filter>
    </ClInclude>
    <ClInclude Include="..\..\SRC\box2d\b2_time_step.h">
      <Filter>box2d</Filter>
    </ClInclude>
    <ClInclude Include="..\..\SRC\box2d\b2_timer.h">
      <Filter>box2d</Filter>
    </ClInclude>
    <ClInclude Include="..\..\SRC\box2d\b2_types.h">
      <Filter>box2d</Filter>
    </ClInclude>
    <ClInclude Include="..\..\SRC\box2d\b2_weld_joint.h">
      <Filter>box2d</Filter>
    </ClInclude>
    <ClInclude Include="..\..\SRC\box2d\b2_wheel_joint.h">
      <Filter>box2d</Filter>
    </ClInclude>
    <ClInclude Include="..\..\SRC\box2d\b2_world.h">
      <Filter>box2d</Filter>
    </ClInclude>
    <ClInclude Include="..\..\SRC\box2d\b2_world_callbacks.h">
      <Filter>box2d</Filter>
    </ClInclude>
    <ClInclude Include="..\..\SRC\box2d\box2d.h">
      <Filter>box2d</Filter>
    </ClInclude>
    <ClInclude Include="..\..\SRC\vbMultimedia\phys_Cir.h">
      <Filter>vbMultimedia</Filter>
    </ClInclude>
    <ClInclude Include="..\..\SRC\vbMultimedia\phys_Rec.h">
      <Filter>vbMultimedia</Filter>
    </ClInclude>
    <ClInclude Include="..\..\SRC\vbMultimedia\PhysicsObject.h">
      <Filter>vbMultimedia</Filter>
    </ClInclude>
  </ItemGroup>
  <ItemGroup>
    <ClCompile Include="..\..\SRC\vbMultimedia\vbGraphicObject.cpp">
      <Filter>vbMultimedia</Filter>
    </ClCompile>
    <ClCompile Include="..\..\SRC\vbMultimedia\vbRenderer.cpp">
      <Filter>vbMultimedia</Filter>
    </ClCompile>
    <ClCompile Include="..\..\SRC\vbMultimedia\vbImage.cpp">
      <Filter>vbMultimedia</Filter>
    </ClCompile>
    <ClCompile Include="..\..\SRC\vbMultimedia\vbContainer.cpp">
      <Filter>vbMultimedia</Filter>
    </ClCompile>
    <ClCompile Include="..\..\SRC\vbMultimedia\json-builder.cpp">
      <Filter>vbMultimedia</Filter>
    </ClCompile>
    <ClCompile Include="..\..\SRC\vbMultimedia\json.cpp">
      <Filter>vbMultimedia</Filter>
    </ClCompile>
    <ClCompile Include="..\..\SRC\vbMultimedia\vbButton.cpp">
      <Filter>vbMultimedia</Filter>
    </ClCompile>
    <ClCompile Include="..\..\SRC\vbMultimedia\vbImage.cpp">
      <Filter>vbMultimedia</Filter>
    </ClCompile>
    <ClCompile Include="..\..\SRC\vbMultimedia\vbSequence.cpp">
      <Filter>vbMultimedia</Filter>
    </ClCompile>
    <ClCompile Include="..\..\SRC\vbMultimedia\vbTween.cpp">
      <Filter>vbMultimedia</Filter>
    </ClCompile>
    <ClCompile Include="..\..\SRC\vbMultimedia\vbEasing.cpp">
      <Filter>vbMultimedia</Filter>
    </ClCompile>
    <ClCompile Include="..\..\SRC\vbMultimedia\vbLivingObject.cpp">
      <Filter>vbMultimedia</Filter>
    </ClCompile>
    <ClCompile Include="..\..\SRC\text\text_run.cpp">
      <Filter>text</Filter>
    </ClCompile>
    <ClCompile Include="..\..\SRC\text\skyline_binpack.cpp">
      <Filter>text</Filter>
    </ClCompile>
    <ClCompile Include="..\..\SRC\text\text_render.cpp">
      <Filter>text</Filter>
    </ClCompile>
    <ClCompile Include="..\..\SRC\text\texture_atlas.cpp">
      <Filter>text</Filter>
    </ClCompile>
    <ClCompile Include="..\..\SRC\text\vbFont.cpp">
      <Filter>text</Filter>
    </ClCompile>
    <ClCompile Include="..\..\SRC\text\hb-ft.cc">
      <Filter>text</Filter>
    </ClCompile>
    <ClCompile Include="..\..\SRC\vbMultimedia\vbTextEngine.cpp">
      <Filter>vbMultimedia</Filter>
    </ClCompile>
    <ClCompile Include="..\..\SRC\vbMultimedia\vbTextBox.cpp">
      <Filter>vbMultimedia</Filter>
    </ClCompile>
    <ClCompile Include="..\..\SRC\vbMultimedia\vbCanvas.cpp">
      <Filter>vbMultimedia</Filter>
    </ClCompile>
    <ClCompile Include="..\..\SRC\vbLanguage.cpp" />
    <ClCompile Include="..\..\SRC\vbErrors.cpp" />
    <ClCompile Include="..\..\SRC\vbMultimedia\vbMessage.cpp">
      <Filter>vbMultimedia</Filter>
    </ClCompile>
    <ClCompile Include="..\..\SRC\vbStyle.cpp" />
    <ClCompile Include="..\..\SRC\vbMultimedia\vbNumericBox.cpp">
      <Filter>vbMultimedia</Filter>
    </ClCompile>
    <ClCompile Include="..\..\SRC\vbUtils.cpp" />
    <ClCompile Include="..\..\SRC\vbGPIO.cpp" />
    <ClCompile Include="..\..\SRC\vbTimer.cpp" />
    <ClCompile Include="..\..\SRC\game\vbState.cpp">
      <Filter>game</Filter>
    </ClCompile>
    <ClCompile Include="..\..\SRC\game\vbGame.cpp">
      <Filter>game</Filter>
    </ClCompile>
    <ClCompile Include="..\..\..\raylib\src\rcore.c">
      <Filter>raylib</Filter>
    </ClCompile>
    <ClCompile Include="..\..\..\raylib\src\rglfw.c">
      <Filter>raylib</Filter>
    </ClCompile>
    <ClCompile Include="..\..\..\raylib\src\rmodels.c">
      <Filter>raylib</Filter>
    </ClCompile>
    <ClCompile Include="..\..\..\raylib\src\rshapes.c">
      <Filter>raylib</Filter>
    </ClCompile>
    <ClCompile Include="..\..\..\raylib\src\rtext.c">
      <Filter>raylib</Filter>
    </ClCompile>
    <ClCompile Include="..\..\..\raylib\src\rtextures.c">
      <Filter>raylib</Filter>
    </ClCompile>
    <ClCompile Include="..\..\..\raylib\src\utils.c">
      <Filter>raylib</Filter>
    </ClCompile>
    <ClCompile Include="..\..\..\raylib\src\raudio.c">
      <Filter>raylib</Filter>
    </ClCompile>
    <ClCompile Include="..\..\SRC\vbEvent.cpp" />
    <ClCompile Include="..\..\SRC\box2d\collision\b2_broad_phase.cpp">
      <Filter>box2d\collision</Filter>
    </ClCompile>
    <ClCompile Include="..\..\SRC\box2d\collision\b2_chain_shape.cpp">
      <Filter>box2d\collision</Filter>
    </ClCompile>
    <ClCompile Include="..\..\SRC\box2d\collision\b2_circle_shape.cpp">
      <Filter>box2d\collision</Filter>
    </ClCompile>
    <ClCompile Include="..\..\SRC\box2d\collision\b2_collide_circle.cpp">
      <Filter>box2d\collision</Filter>
    </ClCompile>
    <ClCompile Include="..\..\SRC\box2d\collision\b2_collide_edge.cpp">
      <Filter>box2d\collision</Filter>
    </ClCompile>
    <ClCompile Include="..\..\SRC\box2d\collision\b2_collide_polygon.cpp">
      <Filter>box2d\collision</Filter>
    </ClCompile>
    <ClCompile Include="..\..\SRC\box2d\collision\b2_collision.cpp">
      <Filter>box2d\collision</Filter>
    </ClCompile>
    <ClCompile Include="..\..\SRC\box2d\collision\b2_distance.cpp">
      <Filter>box2d\collision</Filter>
    </ClCompile>
    <ClCompile Include="..\..\SRC\box2d\collision\b2_dynamic_tree.cpp">
      <Filter>box2d\collision</Filter>
    </ClCompile>
    <ClCompile Include="..\..\SRC\box2d\collision\b2_edge_shape.cpp">
      <Filter>box2d\collision</Filter>
    </ClCompile>
    <ClCompile Include="..\..\SRC\box2d\collision\b2_polygon_shape.cpp">
      <Filter>box2d\collision</Filter>
    </ClCompile>
    <ClCompile Include="..\..\SRC\box2d\collision\b2_time_of_impact.cpp">
      <Filter>box2d\collision</Filter>
    </ClCompile>
    <ClCompile Include="..\..\SRC\box2d\common\b2_block_allocator.cpp">
      <Filter>box2d\common</Filter>
    </ClCompile>
    <ClCompile Include="..\..\SRC\box2d\common\b2_draw.cpp">
      <Filter>box2d\common</Filter>
    </ClCompile>
    <ClCompile Include="..\..\SRC\box2d\common\b2_math.cpp">
      <Filter>box2d\common</Filter>
    </ClCompile>
    <ClCompile Include="..\..\SRC\box2d\common\b2_settings.cpp">
      <Filter>box2d\common</Filter>
    </ClCompile>
    <ClCompile Include="..\..\SRC\box2d\common\b2_stack_allocator.cpp">
      <Filter>box2d\common</Filter>
    </ClCompile>
    <ClCompile Include="..\..\SRC\box2d\common\b2_timer.cpp">
      <Filter>box2d\common</Filter>
    </ClCompile>
    <ClCompile Include="..\..\SRC\box2d\dynamics\b2_body.cpp">
      <Filter>box2d\dynamics</Filter>
    </ClCompile>
    <ClCompile Include="..\..\SRC\box2d\dynamics\b2_chain_circle_contact.cpp">
      <Filter>box2d\dynamics</Filter>
    </ClCompile>
    <ClCompile Include="..\..\SRC\box2d\dynamics\b2_chain_polygon_contact.cpp">
      <Filter>box2d\dynamics</Filter>
    </ClCompile>
    <ClCompile Include="..\..\SRC\box2d\dynamics\b2_circle_contact.cpp">
      <Filter>box2d\dynamics</Filter>
    </ClCompile>
    <ClCompile Include="..\..\SRC\box2d\dynamics\b2_contact.cpp">
      <Filter>box2d\dynamics</Filter>
    </ClCompile>
    <ClCompile Include="..\..\SRC\box2d\dynamics\b2_contact_manager.cpp">
      <Filter>box2d\dynamics</Filter>
    </ClCompile>
    <ClCompile Include="..\..\SRC\box2d\dynamics\b2_contact_solver.cpp">
      <Filter>box2d\dynamics</Filter>
    </ClCompile>
    <ClCompile Include="..\..\SRC\box2d\dynamics\b2_distance_joint.cpp">
      <Filter>box2d\dynamics</Filter>
    </ClCompile>
    <ClCompile Include="..\..\SRC\box2d\dynamics\b2_edge_circle_contact.cpp">
      <Filter>box2d\dynamics</Filter>
    </ClCompile>
    <ClCompile Include="..\..\SRC\box2d\dynamics\b2_edge_polygon_contact.cpp">
      <Filter>box2d\dynamics</Filter>
    </ClCompile>
    <ClCompile Include="..\..\SRC\box2d\dynamics\b2_fixture.cpp">
      <Filter>box2d\dynamics</Filter>
    </ClCompile>
    <ClCompile Include="..\..\SRC\box2d\dynamics\b2_friction_joint.cpp">
      <Filter>box2d\dynamics</Filter>
    </ClCompile>
    <ClCompile Include="..\..\SRC\box2d\dynamics\b2_gear_joint.cpp">
      <Filter>box2d\dynamics</Filter>
    </ClCompile>
    <ClCompile Include="..\..\SRC\box2d\dynamics\b2_island.cpp">
      <Filter>box2d\dynamics</Filter>
    </ClCompile>
    <ClCompile Include="..\..\SRC\box2d\dynamics\b2_joint.cpp">
      <Filter>box2d\dynamics</Filter>
    </ClCompile>
    <ClCompile Include="..\..\SRC\box2d\dynamics\b2_motor_joint.cpp">
      <Filter>box2d\dynamics</Filter>
    </ClCompile>
    <ClCompile Include="..\..\SRC\box2d\dynamics\b2_mouse_joint.cpp">
      <Filter>box2d\dynamics</Filter>
    </ClCompile>
    <ClCompile Include="..\..\SRC\box2d\dynamics\b2_polygon_circle_contact.cpp">
      <Filter>box2d\dynamics</Filter>
    </ClCompile>
    <ClCompile Include="..\..\SRC\box2d\dynamics\b2_polygon_contact.cpp">
      <Filter>box2d\dynamics</Filter>
    </ClCompile>
    <ClCompile Include="..\..\SRC\box2d\dynamics\b2_prismatic_joint.cpp">
      <Filter>box2d\dynamics</Filter>
    </ClCompile>
    <ClCompile Include="..\..\SRC\box2d\dynamics\b2_pulley_joint.cpp">
      <Filter>box2d\dynamics</Filter>
    </ClCompile>
    <ClCompile Include="..\..\SRC\box2d\dynamics\b2_revolute_joint.cpp">
      <Filter>box2d\dynamics</Filter>
    </ClCompile>
    <ClCompile Include="..\..\SRC\box2d\dynamics\b2_weld_joint.cpp">
      <Filter>box2d\dynamics</Filter>
    </ClCompile>
    <ClCompile Include="..\..\SRC\box2d\dynamics\b2_wheel_joint.cpp">
      <Filter>box2d\dynamics</Filter>
    </ClCompile>
    <ClCompile Include="..\..\SRC\box2d\dynamics\b2_world.cpp">
      <Filter>box2d\dynamics</Filter>
    </ClCompile>
    <ClCompile Include="..\..\SRC\box2d\dynamics\b2_world_callbacks.cpp">
      <Filter>box2d\dynamics</Filter>
    </ClCompile>
    <ClCompile Include="..\..\SRC\box2d\rope\b2_rope.cpp">
      <Filter>box2d\rope</Filter>
    </ClCompile>
    <ClCompile Include="..\..\SRC\vbMultimedia\phys_Cir.cpp">
      <Filter>vbMultimedia</Filter>
    </ClCompile>
    <ClCompile Include="..\..\SRC\vbMultimedia\phys_Rec.cpp">
      <Filter>vbMultimedia</Filter>
    </ClCompile>
    <ClCompile Include="..\..\SRC\vbMultimedia\PhysicsObject.cpp">
      <Filter>vbMultimedia</Filter>
    </ClCompile>
  </ItemGroup>
</Project>