
Microsoft Visual Studio Solution File, Format Version 12.00
# Visual Studio Version 16
VisualStudioVersion = 16.0.30204.135
MinimumVisualStudioVersion = 10.0.40219.1
Project("{8BC9CEB8-8B4A-11D0-8D11-00A0C91BC942}") = "vbEngine", "WINDOWS\vbEngine.vcxproj", "{DCC81AC0-F29F-49F9-8FCD-757D005A27F0}"
EndProject
Project("{8BC9CEB8-8B4A-11D0-8D11-00A0C91BC942}") = "vbEngineRaspberry", "vbEngineRaspberry\vbEngineRaspberry.vcxproj", "{40B95485-DD44-46FB-930D-D0EDF76B2B75}"
EndProject
Global
	GlobalSection(SolutionConfigurationPlatforms) = preSolution
		Debug|ARM = Debug|ARM
		Debug|ARM64 = Debug|ARM64
		Debug|x64 = Debug|x64
		Debug|x86 = Debug|x86
		Release|ARM = Release|ARM
		Release|ARM64 = Release|ARM64
		Release|x64 = Release|x64
		Release|x86 = Release|x86
	EndGlobalSection
	GlobalSection(ProjectConfigurationPlatforms) = postSolution
		{DCC81AC0-F29F-49F9-8FCD-757D005A27F0}.Debug|ARM.ActiveCfg = Debug|Win32
		{DCC81AC0-F29F-49F9-8FCD-757D005A27F0}.Debug|ARM64.ActiveCfg = Debug|Win32
		{DCC81AC0-F29F-49F9-8FCD-757D005A27F0}.Debug|x64.ActiveCfg = Debug|x64
		{DCC81AC0-F29F-49F9-8FCD-757D005A27F0}.Debug|x64.Build.0 = Debug|x64
		{DCC81AC0-F29F-49F9-8FCD-757D005A27F0}.Debug|x86.ActiveCfg = Debug|Win32
		{DCC81AC0-F29F-49F9-8FCD-757D005A27F0}.Debug|x86.Build.0 = Debug|Win32
		{DCC81AC0-F29F-49F9-8FCD-757D005A27F0}.Release|ARM.ActiveCfg = Release|Win32
		{DCC81AC0-F29F-49F9-8FCD-757D005A27F0}.Release|ARM64.ActiveCfg = Release|Win32
		{DCC81AC0-F29F-49F9-8FCD-757D005A27F0}.Release|x64.ActiveCfg = Release|x64
		{DCC81AC0-F29F-49F9-8FCD-757D005A27F0}.Release|x64.Build.0 = Release|x64
		{DCC81AC0-F29F-49F9-8FCD-757D005A27F0}.Release|x86.ActiveCfg = Release|Win32
		{DCC81AC0-F29F-49F9-8FCD-757D005A27F0}.Release|x86.Build.0 = Release|Win32
		{40B95485-DD44-46FB-930D-D0EDF76B2B75}.Debug|ARM.ActiveCfg = Debug|ARM
		{40B95485-DD44-46FB-930D-D0EDF76B2B75}.Debug|ARM.Build.0 = Debug|ARM
		{40B95485-DD44-46FB-930D-D0EDF76B2B75}.Debug|ARM.Deploy.0 = Debug|ARM
		{40B95485-DD44-46FB-930D-D0EDF76B2B75}.Debug|ARM64.ActiveCfg = Debug|ARM64
		{40B95485-DD44-46FB-930D-D0EDF76B2B75}.Debug|ARM64.Build.0 = Debug|ARM64
		{40B95485-DD44-46FB-930D-D0EDF76B2B75}.Debug|ARM64.Deploy.0 = Debug|ARM64
		{40B95485-DD44-46FB-930D-D0EDF76B2B75}.Debug|x64.ActiveCfg = Debug|ARM
		{40B95485-DD44-46FB-930D-D0EDF76B2B75}.Debug|x86.ActiveCfg = Debug|ARM
		{40B95485-DD44-46FB-930D-D0EDF76B2B75}.Release|ARM.ActiveCfg = Release|ARM
		{40B95485-DD44-46FB-930D-D0EDF76B2B75}.Release|ARM.Build.0 = Release|ARM
		{40B95485-DD44-46FB-930D-D0EDF76B2B75}.Release|ARM.Deploy.0 = Release|ARM
		{40B95485-DD44-46FB-930D-D0EDF76B2B75}.Release|ARM64.ActiveCfg = Release|ARM64
		{40B95485-DD44-46FB-930D-D0EDF76B2B75}.Release|ARM64.Build.0 = Release|ARM64
		{40B95485-DD44-46FB-930D-D0EDF76B2B75}.Release|ARM64.Deploy.0 = Release|ARM64
		{40B95485-DD44-46FB-930D-D0EDF76B2B75}.Release|x64.ActiveCfg = Release|ARM
		{40B95485-DD44-46FB-930D-D0EDF76B2B75}.Release|x86.ActiveCfg = Release|ARM
	EndGlobalSection
	GlobalSection(SolutionProperties) = preSolution
		HideSolutionNode = FALSE
	EndGlobalSection
	GlobalSection(ExtensibilityGlobals) = postSolution
		SolutionGuid = {58BCECDE-2528-46B8-9ECE-E67E29E6B41F}
	EndGlobalSection
EndGlobal
